{
  "originHash" : "45dd14921649f6d88d5c666deb980ef2c631b400e7f0527b6a6af45164bfa17a",
  "pins" : [
    {
      "identity" : "tiqr-app-core-ios",
      "kind" : "remoteSourceControl",
      "location" : "https://github.com/Tiqr/tiqr-app-core-ios",
      "state" : {
        "revision" : "9ca8f15a6fdf3cd22cfd3eb09b83b243059bdb30"
      }
    }
  ],
  "version" : 3
}
