{
  "originHash" : "45dd14921649f6d88d5c666deb980ef2c631b400e7f0527b6a6af45164bfa17a",
  "pins" : [
    {
      "identity" : "tiqr-app-core-ios",
      "kind" : "remoteSourceControl",
      "location" : "https://github.com/Tiqr/tiqr-app-core-ios",
      "state" : {
        "revision" : "f9084ad5b07abf8d42ad96c8e619ee4568cc05f9"
      }
    }
  ],
  "version" : 3
}
