{
  "originHash" : "45dd14921649f6d88d5c666deb980ef2c631b400e7f0527b6a6af45164bfa17a",
  "pins" : [
    {
      "identity" : "tiqr-app-core-ios",
      "kind" : "remoteSourceControl",
      "location" : "https://github.com/Tiqr/tiqr-app-core-ios",
      "state" : {
        "revision" : "13ea1e3beb02bca9ae8a5387f89e44d0ddcc3e8d"
      }
    }
  ],
  "version" : 3
}
